
Microsoft Visual Studio Solution File, Format Version 12.00
# Visual Studio Version 17
VisualStudioVersion = 17.4.33213.308
MinimumVisualStudioVersion = 10.0.40219.1
Project("{FAE04EC0-301F-11D3-BF4B-00C04F79EFBC}") = "NetShield", "NetShield.csproj", "{9C2156C5-A092-4D88-9BDC-DAE7FE9259CE}"
EndProject
Global
	GlobalSection(SolutionConfigurationPlatforms) = preSolution
		Debug|Any CPU = Debug|Any CPU
		Release|Any CPU = Release|Any CPU
	EndGlobalSection
	GlobalSection(ProjectConfigurationPlatforms) = postSolution
		{9C2156C5-A092-4D88-9BDC-DAE7FE9259CE}.Debug|Any CPU.ActiveCfg = Debug|Any CPU
		{9C2156C5-A092-4D88-9BDC-DAE7FE9259CE}.Debug|Any CPU.Build.0 = Debug|Any CPU
		{9C2156C5-A092-4D88-9BDC-DAE7FE9259CE}.Release|Any CPU.ActiveCfg = Release|Any CPU
		{9C2156C5-A092-4D88-9BDC-DAE7FE9259CE}.Release|Any CPU.Build.0 = Release|Any CPU
	EndGlobalSection
	GlobalSection(SolutionProperties) = preSolution
		HideSolutionNode = FALSE
	EndGlobalSection
	GlobalSection(ExtensibilityGlobals) = postSolution
		SolutionGuid = {6EC89910-7435-47FB-8C09-44D18696E188}
	EndGlobalSection
EndGlobal
